// !$*UTF8*$!
{
	archiveVersion = 1;
	classes = {
	};
	objectVersion = 46;
	objects = {

/* Begin PBXBuildFile section */
		A929E1071CDF3D2E00F45097 /* ChallengeDetailViewController.swift in Sources */ = {isa = PBXBuildFile; fileRef = A929E1061CDF3D2E00F45097 /* ChallengeDetailViewController.swift */; };
		A929E1091CDF5B3400F45097 /* GridCell.swift in Sources */ = {isa = PBXBuildFile; fileRef = A929E1081CDF5B3400F45097 /* GridCell.swift */; };
		A929E10C1CDF930A00F45097 /* SudoChallengeDatasource.swift in Sources */ = {isa = PBXBuildFile; fileRef = A929E10B1CDF930A00F45097 /* SudoChallengeDatasource.swift */; };
		A93EBDA71CBD4ACC00385912 /* AppDelegate.swift in Sources */ = {isa = PBXBuildFile; fileRef = A93EBDA61CBD4ACC00385912 /* AppDelegate.swift */; };
		A93EBDA91CBD4ACC00385912 /* MainViewController.swift in Sources */ = {isa = PBXBuildFile; fileRef = A93EBDA81CBD4ACC00385912 /* MainViewController.swift */; };
		A93EBDAC1CBD4ACC00385912 /* Main.storyboard in Resources */ = {isa = PBXBuildFile; fileRef = A93EBDAA1CBD4ACC00385912 /* Main.storyboard */; };
		A93EBDAF1CBD4ACC00385912 /* SubtleSudoku.xcdatamodeld in Sources */ = {isa = PBXBuildFile; fileRef = A93EBDAD1CBD4ACC00385912 /* SubtleSudoku.xcdatamodeld */; };
		A93EBDB11CBD4ACC00385912 /* Assets.xcassets in Resources */ = {isa = PBXBuildFile; fileRef = A93EBDB01CBD4ACC00385912 /* Assets.xcassets */; };
		A93EBDB41CBD4ACC00385912 /* LaunchScreen.storyboard in Resources */ = {isa = PBXBuildFile; fileRef = A93EBDB21CBD4ACC00385912 /* LaunchScreen.storyboard */; };
		A9AC582B1CBFC550006AF4C4 /* AWSConstants.swift in Sources */ = {isa = PBXBuildFile; fileRef = A9AC582A1CBFC550006AF4C4 /* AWSConstants.swift */; };
		A9AC582D1CBFCA56006AF4C4 /* DyDBPuzzle.swift in Sources */ = {isa = PBXBuildFile; fileRef = A9AC582C1CBFCA56006AF4C4 /* DyDBPuzzle.swift */; };
		A9AE6F3A1CCE433F0058B9BF /* SudoCell.swift in Sources */ = {isa = PBXBuildFile; fileRef = A9AE6F391CCE433F0058B9BF /* SudoCell.swift */; };
		A9AE6F3C1CCE437B0058B9BF /* SudoGrid.swift in Sources */ = {isa = PBXBuildFile; fileRef = A9AE6F3B1CCE437B0058B9BF /* SudoGrid.swift */; };
		A9AE6F3E1CCE440E0058B9BF /* SudoUtils.swift in Sources */ = {isa = PBXBuildFile; fileRef = A9AE6F3D1CCE440E0058B9BF /* SudoUtils.swift */; };
		A9AE6F441CCF81870058B9BF /* PuzzleTableViewController.swift in Sources */ = {isa = PBXBuildFile; fileRef = A9AE6F431CCF81870058B9BF /* PuzzleTableViewController.swift */; };
		A9AE6F461CCF82C70058B9BF /* DyDBManager.swift in Sources */ = {isa = PBXBuildFile; fileRef = A9AE6F451CCF82C70058B9BF /* DyDBManager.swift */; };
		A9AE6F491CCF8C050058B9BF /* LCUtils.swift in Sources */ = {isa = PBXBuildFile; fileRef = A9AE6F481CCF8C050058B9BF /* LCUtils.swift */; };
		A9AE6F4B1CCFB2750058B9BF /* SudoChallenge.swift in Sources */ = {isa = PBXBuildFile; fileRef = A9AE6F4A1CCFB2750058B9BF /* SudoChallenge.swift */; };
		A9AE6F4D1CCFB4650058B9BF /* CoreDataStackManager.swift in Sources */ = {isa = PBXBuildFile; fileRef = A9AE6F4C1CCFB4650058B9BF /* CoreDataStackManager.swift */; };
		A9AE6F4F1CD2737F0058B9BF /* ChallengeTableViewController.swift in Sources */ = {isa = PBXBuildFile; fileRef = A9AE6F4E1CD2737F0058B9BF /* ChallengeTableViewController.swift */; };
		BFBFF5A2817E757C02CBF252 /* Pods_SubtleSudoku.framework in Frameworks */ = {isa = PBXBuildFile; fileRef = BDD99A45842E58E7166F2792 /* Pods_SubtleSudoku.framework */; };
/* End PBXBuildFile section */

/* Begin PBXFileReference section */
		851F9BCF5F115DAA9AFE5712 /* Pods-SubtleSudoku.debug.xcconfig */ = {isa = PBXFileReference; includeInIndex = 1; lastKnownFileType = text.xcconfig; name = "Pods-SubtleSudoku.debug.xcconfig"; path = "Pods/Target Support Files/Pods-SubtleSudoku/Pods-SubtleSudoku.debug.xcconfig"; sourceTree = "<group>"; };
		A929E1061CDF3D2E00F45097 /* ChallengeDetailViewController.swift */ = {isa = PBXFileReference; fileEncoding = 4; lastKnownFileType = sourcecode.swift; path = ChallengeDetailViewController.swift; sourceTree = "<group>"; };
		A929E1081CDF5B3400F45097 /* GridCell.swift */ = {isa = PBXFileReference; fileEncoding = 4; lastKnownFileType = sourcecode.swift; path = GridCell.swift; sourceTree = "<group>"; };
		A929E10B1CDF930A00F45097 /* SudoChallengeDatasource.swift */ = {isa = PBXFileReference; fileEncoding = 4; lastKnownFileType = sourcecode.swift; path = SudoChallengeDatasource.swift; sourceTree = "<group>"; };
		A93EBDA31CBD4ACC00385912 /* SubtleSudoku.app */ = {isa = PBXFileReference; explicitFileType = wrapper.application; includeInIndex = 0; path = SubtleSudoku.app; sourceTree = BUILT_PRODUCTS_DIR; };
		A93EBDA61CBD4ACC00385912 /* AppDelegate.swift */ = {isa = PBXFileReference; lastKnownFileType = sourcecode.swift; path = AppDelegate.swift; sourceTree = "<group>"; };
		A93EBDA81CBD4ACC00385912 /* MainViewController.swift */ = {isa = PBXFileReference; lastKnownFileType = sourcecode.swift; path = MainViewController.swift; sourceTree = "<group>"; };
		A93EBDAB1CBD4ACC00385912 /* Base */ = {isa = PBXFileReference; lastKnownFileType = file.storyboard; name = Base; path = Base.lproj/Main.storyboard; sourceTree = "<group>"; };
		A93EBDAE1CBD4ACC00385912 /* SubtleSudoku.xcdatamodel */ = {isa = PBXFileReference; lastKnownFileType = wrapper.xcdatamodel; path = SubtleSudoku.xcdatamodel; sourceTree = "<group>"; };
		A93EBDB01CBD4ACC00385912 /* Assets.xcassets */ = {isa = PBXFileReference; lastKnownFileType = folder.assetcatalog; path = Assets.xcassets; sourceTree = "<group>"; };
		A93EBDB31CBD4ACC00385912 /* Base */ = {isa = PBXFileReference; lastKnownFileType = file.storyboard; name = Base; path = Base.lproj/LaunchScreen.storyboard; sourceTree = "<group>"; };
		A93EBDB51CBD4ACC00385912 /* Info.plist */ = {isa = PBXFileReference; lastKnownFileType = text.plist.xml; path = Info.plist; sourceTree = "<group>"; };
		A93EBDBB1CBD507F00385912 /* AWS_Bridge.h */ = {isa = PBXFileReference; lastKnownFileType = sourcecode.c.h; path = AWS_Bridge.h; sourceTree = "<group>"; };
		A9AC582A1CBFC550006AF4C4 /* AWSConstants.swift */ = {isa = PBXFileReference; fileEncoding = 4; lastKnownFileType = sourcecode.swift; path = AWSConstants.swift; sourceTree = "<group>"; };
		A9AC582C1CBFCA56006AF4C4 /* DyDBPuzzle.swift */ = {isa = PBXFileReference; fileEncoding = 4; lastKnownFileType = sourcecode.swift; path = DyDBPuzzle.swift; sourceTree = "<group>"; };
		A9AE6F391CCE433F0058B9BF /* SudoCell.swift */ = {isa = PBXFileReference; fileEncoding = 4; lastKnownFileType = sourcecode.swift; path = SudoCell.swift; sourceTree = "<group>"; };
		A9AE6F3B1CCE437B0058B9BF /* SudoGrid.swift */ = {isa = PBXFileReference; fileEncoding = 4; lastKnownFileType = sourcecode.swift; path = SudoGrid.swift; sourceTree = "<group>"; };
		A9AE6F3D1CCE440E0058B9BF /* SudoUtils.swift */ = {isa = PBXFileReference; fileEncoding = 4; lastKnownFileType = sourcecode.swift; path = SudoUtils.swift; sourceTree = "<group>"; };
		A9AE6F431CCF81870058B9BF /* PuzzleTableViewController.swift */ = {isa = PBXFileReference; fileEncoding = 4; lastKnownFileType = sourcecode.swift; path = PuzzleTableViewController.swift; sourceTree = "<group>"; };
		A9AE6F451CCF82C70058B9BF /* DyDBManager.swift */ = {isa = PBXFileReference; fileEncoding = 4; lastKnownFileType = sourcecode.swift; path = DyDBManager.swift; sourceTree = "<group>"; };
		A9AE6F481CCF8C050058B9BF /* LCUtils.swift */ = {isa = PBXFileReference; fileEncoding = 4; lastKnownFileType = sourcecode.swift; path = LCUtils.swift; sourceTree = "<group>"; };
		A9AE6F4A1CCFB2750058B9BF /* SudoChallenge.swift */ = {isa = PBXFileReference; fileEncoding = 4; lastKnownFileType = sourcecode.swift; path = SudoChallenge.swift; sourceTree = "<group>"; };
		A9AE6F4C1CCFB4650058B9BF /* CoreDataStackManager.swift */ = {isa = PBXFileReference; fileEncoding = 4; lastKnownFileType = sourcecode.swift; path = CoreDataStackManager.swift; sourceTree = "<group>"; };
		A9AE6F4E1CD2737F0058B9BF /* ChallengeTableViewController.swift */ = {isa = PBXFileReference; fileEncoding = 4; lastKnownFileType = sourcecode.swift; path = ChallengeTableViewController.swift; sourceTree = "<group>"; };
		BDD99A45842E58E7166F2792 /* Pods_SubtleSudoku.framework */ = {isa = PBXFileReference; explicitFileType = wrapper.framework; includeInIndex = 0; path = Pods_SubtleSudoku.framework; sourceTree = BUILT_PRODUCTS_DIR; };
		FCEF88726BD4D366FA476733 /* Pods-SubtleSudoku.release.xcconfig */ = {isa = PBXFileReference; includeInIndex = 1; lastKnownFileType = text.xcconfig; name = "Pods-SubtleSudoku.release.xcconfig"; path = "Pods/Target Support Files/Pods-SubtleSudoku/Pods-SubtleSudoku.release.xcconfig"; sourceTree = "<group>"; };
/* End PBXFileReference section */

/* Begin PBXFrameworksBuildPhase section */
		A93EBDA01CBD4ACC00385912 /* Frameworks */ = {
			isa = PBXFrameworksBuildPhase;
			buildActionMask = 2147483647;
			files = (
				BFBFF5A2817E757C02CBF252 /* Pods_SubtleSudoku.framework in Frameworks */,
			);
			runOnlyForDeploymentPostprocessing = 0;
		};
/* End PBXFrameworksBuildPhase section */

/* Begin PBXGroup section */
		197020AA32DCB067279267E1 /* Frameworks */ = {
			isa = PBXGroup;
			children = (
				BDD99A45842E58E7166F2792 /* Pods_SubtleSudoku.framework */,
			);
			name = Frameworks;
			sourceTree = "<group>";
		};
		2AEC456CBAC3597272AFB6A6 /* Pods */ = {
			isa = PBXGroup;
			children = (
				851F9BCF5F115DAA9AFE5712 /* Pods-SubtleSudoku.debug.xcconfig */,
				FCEF88726BD4D366FA476733 /* Pods-SubtleSudoku.release.xcconfig */,
			);
			name = Pods;
			sourceTree = "<group>";
		};
		A929E10A1CDF92CC00F45097 /* Datasources */ = {
			isa = PBXGroup;
			children = (
				A929E10B1CDF930A00F45097 /* SudoChallengeDatasource.swift */,
			);
			name = Datasources;
			sourceTree = "<group>";
		};
		A93EBD9A1CBD4ACC00385912 = {
			isa = PBXGroup;
			children = (
				A93EBDBB1CBD507F00385912 /* AWS_Bridge.h */,
				A93EBDA51CBD4ACC00385912 /* SubtleSudoku */,
				A93EBDA41CBD4ACC00385912 /* Products */,
				2AEC456CBAC3597272AFB6A6 /* Pods */,
				197020AA32DCB067279267E1 /* Frameworks */,
			);
			sourceTree = "<group>";
		};
		A93EBDA41CBD4ACC00385912 /* Products */ = {
			isa = PBXGroup;
			children = (
				A93EBDA31CBD4ACC00385912 /* SubtleSudoku.app */,
			);
			name = Products;
			sourceTree = "<group>";
		};
		A93EBDA51CBD4ACC00385912 /* SubtleSudoku */ = {
			isa = PBXGroup;
			children = (
				A9AE6F471CCF8BE40058B9BF /* Utils */,
				A93EBDA61CBD4ACC00385912 /* AppDelegate.swift */,
				A9AC58251CBFBEB4006AF4C4 /* Model */,
				A9AC58281CBFBF21006AF4C4 /* View */,
				A9AC58291CBFBF35006AF4C4 /* Controller */,
				A93EBDAA1CBD4ACC00385912 /* Main.storyboard */,
				A93EBDB01CBD4ACC00385912 /* Assets.xcassets */,
				A93EBDB21CBD4ACC00385912 /* LaunchScreen.storyboard */,
				A93EBDB51CBD4ACC00385912 /* Info.plist */,
			);
			path = SubtleSudoku;
			sourceTree = "<group>";
		};
		A9AC58251CBFBEB4006AF4C4 /* Model */ = {
			isa = PBXGroup;
			children = (
				A929E10A1CDF92CC00F45097 /* Datasources */,
				A93EBDAD1CBD4ACC00385912 /* SubtleSudoku.xcdatamodeld */,
				A9AE6F371CCE420C0058B9BF /* Suduko */,
				A9AC58261CBFBEE2006AF4C4 /* Clients */,
			);
			name = Model;
			sourceTree = "<group>";
		};
		A9AC58261CBFBEE2006AF4C4 /* Clients */ = {
			isa = PBXGroup;
			children = (
				A9AC58271CBFBEF0006AF4C4 /* AWS */,
			);
			name = Clients;
			sourceTree = "<group>";
		};
		A9AC58271CBFBEF0006AF4C4 /* AWS */ = {
			isa = PBXGroup;
			children = (
				A9AE6F451CCF82C70058B9BF /* DyDBManager.swift */,
				A9AC582C1CBFCA56006AF4C4 /* DyDBPuzzle.swift */,
				A9AC582A1CBFC550006AF4C4 /* AWSConstants.swift */,
			);
			name = AWS;
			sourceTree = "<group>";
		};
		A9AC58281CBFBF21006AF4C4 /* View */ = {
			isa = PBXGroup;
			children = (
				A929E1081CDF5B3400F45097 /* GridCell.swift */,
			);
			name = View;
			sourceTree = "<group>";
		};
		A9AC58291CBFBF35006AF4C4 /* Controller */ = {
			isa = PBXGroup;
			children = (
				A93EBDA81CBD4ACC00385912 /* MainViewController.swift */,
				A9AE6F431CCF81870058B9BF /* PuzzleTableViewController.swift */,
				A9AE6F4E1CD2737F0058B9BF /* ChallengeTableViewController.swift */,
				A929E1061CDF3D2E00F45097 /* ChallengeDetailViewController.swift */,
			);
			name = Controller;
			sourceTree = "<group>";
		};
		A9AE6F371CCE420C0058B9BF /* Suduko */ = {
			isa = PBXGroup;
			children = (
				A9AE6F3D1CCE440E0058B9BF /* SudoUtils.swift */,
				A9AE6F391CCE433F0058B9BF /* SudoCell.swift */,
				A9AE6F3B1CCE437B0058B9BF /* SudoGrid.swift */,
				A9AE6F4A1CCFB2750058B9BF /* SudoChallenge.swift */,
			);
			name = Suduko;
			sourceTree = "<group>";
		};
		A9AE6F471CCF8BE40058B9BF /* Utils */ = {
			isa = PBXGroup;
			children = (
				A9AE6F4C1CCFB4650058B9BF /* CoreDataStackManager.swift */,
				A9AE6F481CCF8C050058B9BF /* LCUtils.swift */,
			);
			name = Utils;
			sourceTree = "<group>";
		};
/* End PBXGroup section */

/* Begin PBXNativeTarget section */
		A93EBDA21CBD4ACC00385912 /* SubtleSudoku */ = {
			isa = PBXNativeTarget;
			buildConfigurationList = A93EBDB81CBD4ACC00385912 /* Build configuration list for PBXNativeTarget "SubtleSudoku" */;
			buildPhases = (
				21DFE17F72E84B138B19C894 /* Check Pods Manifest.lock */,
				A93EBD9F1CBD4ACC00385912 /* Sources */,
				A93EBDA01CBD4ACC00385912 /* Frameworks */,
				A93EBDA11CBD4ACC00385912 /* Resources */,
				8845529FA1ED17CF9DF2ED1B /* Embed Pods Frameworks */,
				84011A48F69B36478A0493EB /* Copy Pods Resources */,
			);
			buildRules = (
			);
			dependencies = (
			);
			name = SubtleSudoku;
			productName = SubtleSudoku;
			productReference = A93EBDA31CBD4ACC00385912 /* SubtleSudoku.app */;
			productType = "com.apple.product-type.application";
		};
/* End PBXNativeTarget section */

/* Begin PBXProject section */
		A93EBD9B1CBD4ACC00385912 /* Project object */ = {
			isa = PBXProject;
			attributes = {
				LastSwiftUpdateCheck = 0730;
				LastUpgradeCheck = 0730;
				ORGANIZATIONNAME = "Ludocrous Software";
				TargetAttributes = {
					A93EBDA21CBD4ACC00385912 = {
						CreatedOnToolsVersion = 7.3;
						SystemCapabilities = {
							com.apple.Push = {
								enabled = 0;
							};
						};
					};
				};
			};
			buildConfigurationList = A93EBD9E1CBD4ACC00385912 /* Build configuration list for PBXProject "SubtleSudoku" */;
			compatibilityVersion = "Xcode 3.2";
			developmentRegion = English;
			hasScannedForEncodings = 0;
			knownRegions = (
				en,
				Base,
			);
			mainGroup = A93EBD9A1CBD4ACC00385912;
			productRefGroup = A93EBDA41CBD4ACC00385912 /* Products */;
			projectDirPath = "";
			projectRoot = "";
			targets = (
				A93EBDA21CBD4ACC00385912 /* SubtleSudoku */,
			);
		};
/* End PBXProject section */

/* Begin PBXResourcesBuildPhase section */
		A93EBDA11CBD4ACC00385912 /* Resources */ = {
			isa = PBXResourcesBuildPhase;
			buildActionMask = 2147483647;
			files = (
				A93EBDB41CBD4ACC00385912 /* LaunchScreen.storyboard in Resources */,
				A93EBDB11CBD4ACC00385912 /* Assets.xcassets in Resources */,
				A93EBDAC1CBD4ACC00385912 /* Main.storyboard in Resources */,
			);
			runOnlyForDeploymentPostprocessing = 0;
		};
/* End PBXResourcesBuildPhase section */

/* Begin PBXShellScriptBuildPhase section */
		21DFE17F72E84B138B19C894 /* Check Pods Manifest.lock */ = {
			isa = PBXShellScriptBuildPhase;
			buildActionMask = 2147483647;
			files = (
			);
			inputPaths = (
			);
			name = "Check Pods Manifest.lock";
			outputPaths = (
			);
			runOnlyForDeploymentPostprocessing = 0;
			shellPath = /bin/sh;
			shellScript = "diff \"${PODS_ROOT}/../Podfile.lock\" \"${PODS_ROOT}/Manifest.lock\" > /dev/null\nif [[ $? != 0 ]] ; then\n    cat << EOM\nerror: The sandbox is not in sync with the Podfile.lock. Run 'pod install' or update your CocoaPods installation.\nEOM\n    exit 1\nfi\n";
			showEnvVarsInLog = 0;
		};
		84011A48F69B36478A0493EB /* Copy Pods Resources */ = {
			isa = PBXShellScriptBuildPhase;
			buildActionMask = 2147483647;
			files = (
			);
			inputPaths = (
			);
			name = "Copy Pods Resources";
			outputPaths = (
			);
			runOnlyForDeploymentPostprocessing = 0;
			shellPath = /bin/sh;
			shellScript = "\"${SRCROOT}/Pods/Target Support Files/Pods-SubtleSudoku/Pods-SubtleSudoku-resources.sh\"\n";
			showEnvVarsInLog = 0;
		};
		8845529FA1ED17CF9DF2ED1B /* Embed Pods Frameworks */ = {
			isa = PBXShellScriptBuildPhase;
			buildActionMask = 2147483647;
			files = (
			);
			inputPaths = (
			);
			name = "Embed Pods Frameworks";
			outputPaths = (
			);
			runOnlyForDeploymentPostprocessing = 0;
			shellPath = /bin/sh;
			shellScript = "\"${SRCROOT}/Pods/Target Support Files/Pods-SubtleSudoku/Pods-SubtleSudoku-frameworks.sh\"\n";
			showEnvVarsInLog = 0;
		};
/* End PBXShellScriptBuildPhase section */

/* Begin PBXSourcesBuildPhase section */
		A93EBD9F1CBD4ACC00385912 /* Sources */ = {
			isa = PBXSourcesBuildPhase;
			buildActionMask = 2147483647;
			files = (
				A9AE6F491CCF8C050058B9BF /* LCUtils.swift in Sources */,
				A9AE6F4F1CD2737F0058B9BF /* ChallengeTableViewController.swift in Sources */,
				A93EBDAF1CBD4ACC00385912 /* SubtleSudoku.xcdatamodeld in Sources */,
				A9AC582B1CBFC550006AF4C4 /* AWSConstants.swift in Sources */,
				A9AC582D1CBFCA56006AF4C4 /* DyDBPuzzle.swift in Sources */,
				A93EBDA91CBD4ACC00385912 /* MainViewController.swift in Sources */,
				A9AE6F441CCF81870058B9BF /* PuzzleTableViewController.swift in Sources */,
				A9AE6F461CCF82C70058B9BF /* DyDBManager.swift in Sources */,
				A9AE6F3A1CCE433F0058B9BF /* SudoCell.swift in Sources */,
				A9AE6F4B1CCFB2750058B9BF /* SudoChallenge.swift in Sources */,
				A9AE6F4D1CCFB4650058B9BF /* CoreDataStackManager.swift in Sources */,
				A9AE6F3C1CCE437B0058B9BF /* SudoGrid.swift in Sources */,
				A929E1071CDF3D2E00F45097 /* ChallengeDetailViewController.swift in Sources */,
				A9AE6F3E1CCE440E0058B9BF /* SudoUtils.swift in Sources */,
				A929E10C1CDF930A00F45097 /* SudoChallengeDatasource.swift in Sources */,
				A93EBDA71CBD4ACC00385912 /* AppDelegate.swift in Sources */,
				A929E1091CDF5B3400F45097 /* GridCell.swift in Sources */,
			);
			runOnlyForDeploymentPostprocessing = 0;
		};
/* End PBXSourcesBuildPhase section */

/* Begin PBXVariantGroup section */
		A93EBDAA1CBD4ACC00385912 /* Main.storyboard */ = {
			isa = PBXVariantGroup;
			children = (
				A93EBDAB1CBD4ACC00385912 /* Base */,
			);
			name = Main.storyboard;
			sourceTree = "<group>";
		};
		A93EBDB21CBD4ACC00385912 /* LaunchScreen.storyboard */ = {
			isa = PBXVariantGroup;
			children = (
				A93EBDB31CBD4ACC00385912 /* Base */,
			);
			name = LaunchScreen.storyboard;
			sourceTree = "<group>";
		};
/* End PBXVariantGroup section */

/* Begin XCBuildConfiguration section */
		A93EBDB61CBD4ACC00385912 /* Debug */ = {
			isa = XCBuildConfiguration;
			buildSettings = {
				ALWAYS_SEARCH_USER_PATHS = NO;
				CLANG_ANALYZER_NONNULL = YES;
				CLANG_CXX_LANGUAGE_STANDARD = "gnu++0x";
				CLANG_CXX_LIBRARY = "libc++";
				CLANG_ENABLE_MODULES = YES;
				CLANG_ENABLE_OBJC_ARC = YES;
				CLANG_WARN_BOOL_CONVERSION = YES;
				CLANG_WARN_CONSTANT_CONVERSION = YES;
				CLANG_WARN_DIRECT_OBJC_ISA_USAGE = YES_ERROR;
				CLANG_WARN_EMPTY_BODY = YES;
				CLANG_WARN_ENUM_CONVERSION = YES;
				CLANG_WARN_INT_CONVERSION = YES;
				CLANG_WARN_OBJC_ROOT_CLASS = YES_ERROR;
				CLANG_WARN_UNREACHABLE_CODE = YES;
				CLANG_WARN__DUPLICATE_METHOD_MATCH = YES;
				"CODE_SIGN_IDENTITY[sdk=iphoneos*]" = "iPhone Developer";
				COPY_PHASE_STRIP = NO;
				DEBUG_INFORMATION_FORMAT = dwarf;
				ENABLE_STRICT_OBJC_MSGSEND = YES;
				ENABLE_TESTABILITY = YES;
				GCC_C_LANGUAGE_STANDARD = gnu99;
				GCC_DYNAMIC_NO_PIC = NO;
				GCC_NO_COMMON_BLOCKS = YES;
				GCC_OPTIMIZATION_LEVEL = 0;
				GCC_PREPROCESSOR_DEFINITIONS = (
					"DEBUG=1",
					"$(inherited)",
				);
				GCC_WARN_64_TO_32_BIT_CONVERSION = YES;
				GCC_WARN_ABOUT_RETURN_TYPE = YES_ERROR;
				GCC_WARN_UNDECLARED_SELECTOR = YES;
				GCC_WARN_UNINITIALIZED_AUTOS = YES_AGGRESSIVE;
				GCC_WARN_UNUSED_FUNCTION = YES;
				GCC_WARN_UNUSED_VARIABLE = YES;
				IPHONEOS_DEPLOYMENT_TARGET = 9.3;
				MTL_ENABLE_DEBUG_INFO = YES;
				ONLY_ACTIVE_ARCH = YES;
				SDKROOT = iphoneos;
				SWIFT_OPTIMIZATION_LEVEL = "-Onone";
			};
			name = Debug;
		};
		A93EBDB71CBD4ACC00385912 /* Release */ = {
			isa = XCBuildConfiguration;
			buildSettings = {
				ALWAYS_SEARCH_USER_PATHS = NO;
				CLANG_ANALYZER_NONNULL = YES;
				CLANG_CXX_LANGUAGE_STANDARD = "gnu++0x";
				CLANG_CXX_LIBRARY = "libc++";
				CLANG_ENABLE_MODULES = YES;
				CLANG_ENABLE_OBJC_ARC = YES;
				CLANG_WARN_BOOL_CONVERSION = YES;
				CLANG_WARN_CONSTANT_CONVERSION = YES;
				CLANG_WARN_DIRECT_OBJC_ISA_USAGE = YES_ERROR;
				CLANG_WARN_EMPTY_BODY = YES;
				CLANG_WARN_ENUM_CONVERSION = YES;
				CLANG_WARN_INT_CONVERSION = YES;
				CLANG_WARN_OBJC_ROOT_CLASS = YES_ERROR;
				CLANG_WARN_UNREACHABLE_CODE = YES;
				CLANG_WARN__DUPLICATE_METHOD_MATCH = YES;
				"CODE_SIGN_IDENTITY[sdk=iphoneos*]" = "iPhone Developer";
				COPY_PHASE_STRIP = NO;
				DEBUG_INFORMATION_FORMAT = "dwarf-with-dsym";
				ENABLE_NS_ASSERTIONS = NO;
				ENABLE_STRICT_OBJC_MSGSEND = YES;
				GCC_C_LANGUAGE_STANDARD = gnu99;
				GCC_NO_COMMON_BLOCKS = YES;
				GCC_WARN_64_TO_32_BIT_CONVERSION = YES;
				GCC_WARN_ABOUT_RETURN_TYPE = YES_ERROR;
				GCC_WARN_UNDECLARED_SELECTOR = YES;
				GCC_WARN_UNINITIALIZED_AUTOS = YES_AGGRESSIVE;
				GCC_WARN_UNUSED_FUNCTION = YES;
				GCC_WARN_UNUSED_VARIABLE = YES;
				IPHONEOS_DEPLOYMENT_TARGET = 9.3;
				MTL_ENABLE_DEBUG_INFO = NO;
				SDKROOT = iphoneos;
				VALIDATE_PRODUCT = YES;
			};
			name = Release;
		};
		A93EBDB91CBD4ACC00385912 /* Debug */ = {
			isa = XCBuildConfiguration;
			baseConfigurationReference = 851F9BCF5F115DAA9AFE5712 /* Pods-SubtleSudoku.debug.xcconfig */;
			buildSettings = {
				ASSETCATALOG_COMPILER_APPICON_NAME = AppIcon;
				CODE_SIGN_IDENTITY = "iPhone Developer";
				INFOPLIST_FILE = SubtleSudoku/Info.plist;
				LD_RUNPATH_SEARCH_PATHS = "$(inherited) @executable_path/Frameworks";
				PRODUCT_BUNDLE_IDENTIFIER = com.ludocrous.SubtleSudoku;
				PRODUCT_NAME = "$(TARGET_NAME)";
				"SWIFT_OBJC_BRIDGING_HEADER[arch=*]" = AWS_Bridge.h;
			};
			name = Debug;
		};
		A93EBDBA1CBD4ACC00385912 /* Release */ = {
			isa = XCBuildConfiguration;
			baseConfigurationReference = FCEF88726BD4D366FA476733 /* Pods-SubtleSudoku.release.xcconfig */;
			buildSettings = {
				ASSETCATALOG_COMPILER_APPICON_NAME = AppIcon;
				CODE_SIGN_IDENTITY = "iPhone Developer";
				INFOPLIST_FILE = SubtleSudoku/Info.plist;
				LD_RUNPATH_SEARCH_PATHS = "$(inherited) @executable_path/Frameworks";
				PRODUCT_BUNDLE_IDENTIFIER = com.ludocrous.SubtleSudoku;
				PRODUCT_NAME = "$(TARGET_NAME)";
				"SWIFT_OBJC_BRIDGING_HEADER[arch=*]" = AWS_Bridge.h;
			};
			name = Release;
		};
/* End XCBuildConfiguration section */

/* Begin XCConfigurationList section */
		A93EBD9E1CBD4ACC00385912 /* Build configuration list for PBXProject "SubtleSudoku" */ = {
			isa = XCConfigurationList;
			buildConfigurations = (
				A93EBDB61CBD4ACC00385912 /* Debug */,
				A93EBDB71CBD4ACC00385912 /* Release */,
			);
			defaultConfigurationIsVisible = 0;
			defaultConfigurationName = Release;
		};
		A93EBDB81CBD4ACC00385912 /* Build configuration list for PBXNativeTarget "SubtleSudoku" */ = {
			isa = XCConfigurationList;
			buildConfigurations = (
				A93EBDB91CBD4ACC00385912 /* Debug */,
				A93EBDBA1CBD4ACC00385912 /* Release */,
			);
			defaultConfigurationIsVisible = 0;
			defaultConfigurationName = Release;
		};
/* End XCConfigurationList section */

/* Begin XCVersionGroup section */
		A93EBDAD1CBD4ACC00385912 /* SubtleSudoku.xcdatamodeld */ = {
			isa = XCVersionGroup;
			children = (
				A93EBDAE1CBD4ACC00385912 /* SubtleSudoku.xcdatamodel */,
			);
			currentVersion = A93EBDAE1CBD4ACC00385912 /* SubtleSudoku.xcdatamodel */;
			path = SubtleSudoku.xcdatamodeld;
			sourceTree = "<group>";
			versionGroupType = wrapper.xcdatamodel;
		};
/* End XCVersionGroup section */
	};
	rootObject = A93EBD9B1CBD4ACC00385912 /* Project object */;
}
